
Microsoft Visual Studio Solution File, Format Version 12.00
# Visual Studio Version 16
VisualStudioVersion = 16.0.30711.63
MinimumVisualStudioVersion = 10.0.40219.1
Project("{FAE04EC0-301F-11D3-BF4B-00C04F79EFBC}") = "TransportSystem.Core", "TransportSystem.Core\TransportSystem.Core.csproj", "{E4635F5D-1F9F-4DC3-AE58-DB24949A3917}"
EndProject
Project("{2150E333-8FDC-42A3-9474-1A3956D46DE8}") = "Infrastructure", "Infrastructure", "{91927860-1FEA-42F2-A1FA-25E5AF927CEE}"
EndProject
Project("{FAE04EC0-301F-11D3-BF4B-00C04F79EFBC}") = "TransportSystem.Data", "TransportSystem.Data\TransportSystem.Data.csproj", "{326F1633-A1B8-49E0-8C5E-519FDFB0CD36}"
EndProject
Project("{FAE04EC0-301F-11D3-BF4B-00C04F79EFBC}") = "TransportSystem.Domain", "TransportSystem.Domain\TransportSystem.Domain.csproj", "{69E10B2E-A5B0-4F69-8C83-E4CC80C84E73}"
EndProject
Project("{2150E333-8FDC-42A3-9474-1A3956D46DE8}") = "Web", "Web", "{00CD7ED7-DBB5-40B5-8115-64E45CFCFE9A}"
EndProject
Project("{FAE04EC0-301F-11D3-BF4B-00C04F79EFBC}") = "TransportSystem.API", "TransportSystem.API\TransportSystem.API.csproj", "{76A68362-7D97-4473-8C56-22AAA14E56F6}"
EndProject
Project("{FAE04EC0-301F-11D3-BF4B-00C04F79EFBC}") = "TransportSystem.UI", "TransportSystem.UI\TransportSystem.UI.csproj", "{3D1D4393-6C03-4DCB-A456-FFC3AC54F62F}"
EndProject
Project("{FAE04EC0-301F-11D3-BF4B-00C04F79EFBC}") = "TransportSystem.IOC", "TransportSystem.IOC\TransportSystem.IOC.csproj", "{9AF5EE62-4234-4F0F-9217-9FAF4C5DCDE8}"
EndProject
Global
	GlobalSection(SolutionConfigurationPlatforms) = preSolution
		Debug|Any CPU = Debug|Any CPU
		Release|Any CPU = Release|Any CPU
	EndGlobalSection
	GlobalSection(ProjectConfigurationPlatforms) = postSolution
		{E4635F5D-1F9F-4DC3-AE58-DB24949A3917}.Debug|Any CPU.ActiveCfg = Debug|Any CPU
		{E4635F5D-1F9F-4DC3-AE58-DB24949A3917}.Debug|Any CPU.Build.0 = Debug|Any CPU
		{E4635F5D-1F9F-4DC3-AE58-DB24949A3917}.Release|Any CPU.ActiveCfg = Release|Any CPU
		{E4635F5D-1F9F-4DC3-AE58-DB24949A3917}.Release|Any CPU.Build.0 = Release|Any CPU
		{326F1633-A1B8-49E0-8C5E-519FDFB0CD36}.Debug|Any CPU.ActiveCfg = Debug|Any CPU
		{326F1633-A1B8-49E0-8C5E-519FDFB0CD36}.Debug|Any CPU.Build.0 = Debug|Any CPU
		{326F1633-A1B8-49E0-8C5E-519FDFB0CD36}.Release|Any CPU.ActiveCfg = Release|Any CPU
		{326F1633-A1B8-49E0-8C5E-519FDFB0CD36}.Release|Any CPU.Build.0 = Release|Any CPU
		{69E10B2E-A5B0-4F69-8C83-E4CC80C84E73}.Debug|Any CPU.ActiveCfg = Debug|Any CPU
		{69E10B2E-A5B0-4F69-8C83-E4CC80C84E73}.Debug|Any CPU.Build.0 = Debug|Any CPU
		{69E10B2E-A5B0-4F69-8C83-E4CC80C84E73}.Release|Any CPU.ActiveCfg = Release|Any CPU
		{69E10B2E-A5B0-4F69-8C83-E4CC80C84E73}.Release|Any CPU.Build.0 = Release|Any CPU
		{76A68362-7D97-4473-8C56-22AAA14E56F6}.Debug|Any CPU.ActiveCfg = Debug|Any CPU
		{76A68362-7D97-4473-8C56-22AAA14E56F6}.Debug|Any CPU.Build.0 = Debug|Any CPU
		{76A68362-7D97-4473-8C56-22AAA14E56F6}.Release|Any CPU.ActiveCfg = Release|Any CPU
		{76A68362-7D97-4473-8C56-22AAA14E56F6}.Release|Any CPU.Build.0 = Release|Any CPU
		{3D1D4393-6C03-4DCB-A456-FFC3AC54F62F}.Debug|Any CPU.ActiveCfg = Debug|Any CPU
		{3D1D4393-6C03-4DCB-A456-FFC3AC54F62F}.Debug|Any CPU.Build.0 = Debug|Any CPU
		{3D1D4393-6C03-4DCB-A456-FFC3AC54F62F}.Release|Any CPU.ActiveCfg = Release|Any CPU
		{3D1D4393-6C03-4DCB-A456-FFC3AC54F62F}.Release|Any CPU.Build.0 = Release|Any CPU
		{9AF5EE62-4234-4F0F-9217-9FAF4C5DCDE8}.Debug|Any CPU.ActiveCfg = Debug|Any CPU
		{9AF5EE62-4234-4F0F-9217-9FAF4C5DCDE8}.Debug|Any CPU.Build.0 = Debug|Any CPU
		{9AF5EE62-4234-4F0F-9217-9FAF4C5DCDE8}.Release|Any CPU.ActiveCfg = Release|Any CPU
		{9AF5EE62-4234-4F0F-9217-9FAF4C5DCDE8}.Release|Any CPU.Build.0 = Release|Any CPU
	EndGlobalSection
	GlobalSection(SolutionProperties) = preSolution
		HideSolutionNode = FALSE
	EndGlobalSection
	GlobalSection(NestedProjects) = preSolution
		{326F1633-A1B8-49E0-8C5E-519FDFB0CD36} = {91927860-1FEA-42F2-A1FA-25E5AF927CEE}
		{69E10B2E-A5B0-4F69-8C83-E4CC80C84E73} = {91927860-1FEA-42F2-A1FA-25E5AF927CEE}
		{76A68362-7D97-4473-8C56-22AAA14E56F6} = {00CD7ED7-DBB5-40B5-8115-64E45CFCFE9A}
		{3D1D4393-6C03-4DCB-A456-FFC3AC54F62F} = {00CD7ED7-DBB5-40B5-8115-64E45CFCFE9A}
	EndGlobalSection
	GlobalSection(ExtensibilityGlobals) = postSolution
		SolutionGuid = {3A2F93C3-1007-4D9B-997F-BE3158B54CC3}
	EndGlobalSection
EndGlobal
